
Microsoft Visual Studio Solution File, Format Version 12.00
# Visual Studio 15
VisualStudioVersion = 15.0.26228.9
MinimumVisualStudioVersion = 10.0.40219.1
Project("{FAE04EC0-301F-11D3-BF4B-00C04F79EFBC}") = "Website", "Website\Website.csproj", "{572EE873-F5AC-4744-AC51-4D02AD4E918D}"
EndProject
Project("{FAE04EC0-301F-11D3-BF4B-00C04F79EFBC}") = "Commerce", "Commerce\Commerce.csproj", "{8A0DCB3E-D532-477C-9E7B-C3A273C2013B}"
EndProject
Project("{2150E333-8FDC-42A3-9474-1A3956D46DE8}") = "Solution Items", "Solution Items", "{13B72D26-1D77-4C12-9EEE-F6E1D4B6354B}"
	ProjectSection(SolutionItems) = preProject
		.gitignore = .gitignore
	EndProjectSection
EndProject
Global
	GlobalSection(SolutionConfigurationPlatforms) = preSolution
		Debug|Any CPU = Debug|Any CPU
		Release|Any CPU = Release|Any CPU
	EndGlobalSection
	GlobalSection(ProjectConfigurationPlatforms) = postSolution
		{572EE873-F5AC-4744-AC51-4D02AD4E918D}.Debug|Any CPU.ActiveCfg = Debug|Any CPU
		{572EE873-F5AC-4744-AC51-4D02AD4E918D}.Debug|Any CPU.Build.0 = Debug|Any CPU
		{572EE873-F5AC-4744-AC51-4D02AD4E918D}.Release|Any CPU.ActiveCfg = Release|Any CPU
		{572EE873-F5AC-4744-AC51-4D02AD4E918D}.Release|Any CPU.Build.0 = Release|Any CPU
		{8A0DCB3E-D532-477C-9E7B-C3A273C2013B}.Debug|Any CPU.ActiveCfg = Debug|Any CPU
		{8A0DCB3E-D532-477C-9E7B-C3A273C2013B}.Debug|Any CPU.Build.0 = Debug|Any CPU
		{8A0DCB3E-D532-477C-9E7B-C3A273C2013B}.Release|Any CPU.ActiveCfg = Release|Any CPU
		{8A0DCB3E-D532-477C-9E7B-C3A273C2013B}.Release|Any CPU.Build.0 = Release|Any CPU
	EndGlobalSection
	GlobalSection(SolutionProperties) = preSolution
		HideSolutionNode = FALSE
	EndGlobalSection
EndGlobal
